// !$*UTF8*$!
{
	archiveVersion = 1;
	classes = {
	};
	objectVersion = 46;
	objects = {

/* Begin PBXBuildFile section */
		CFE1AE551B419B65007ADDC7 /* main.m in Sources */ = {isa = PBXBuildFile; fileRef = CFE1AE541B419B65007ADDC7 /* main.m */; };
		CFE1AE581B419B65007ADDC7 /* AppDelegate.m in Sources */ = {isa = PBXBuildFile; fileRef = CFE1AE571B419B65007ADDC7 /* AppDelegate.m */; };
		CFE1AE611B419B65007ADDC7 /* Main.storyboard in Resources */ = {isa = PBXBuildFile; fileRef = CFE1AE5F1B419B65007ADDC7 /* Main.storyboard */; };
		CFE1AE631B419B65007ADDC7 /* Images.xcassets in Resources */ = {isa = PBXBuildFile; fileRef = CFE1AE621B419B65007ADDC7 /* Images.xcassets */; };
		CFE1AE661B419B65007ADDC7 /* LaunchScreen.xib in Resources */ = {isa = PBXBuildFile; fileRef = CFE1AE641B419B65007ADDC7 /* LaunchScreen.xib */; };
		CFE1AE721B419B65007ADDC7 /* ReturnityTests.m in Sources */ = {isa = PBXBuildFile; fileRef = CFE1AE711B419B65007ADDC7 /* ReturnityTests.m */; };
		CFE1AE851B419DBA007ADDC7 /* RequestReturnViewController.m in Sources */ = {isa = PBXBuildFile; fileRef = CFE1AE841B419DBA007ADDC7 /* RequestReturnViewController.m */; };
		CFE1AE881B419DE6007ADDC7 /* RequestReturn2ViewController.m in Sources */ = {isa = PBXBuildFile; fileRef = CFE1AE871B419DE6007ADDC7 /* RequestReturn2ViewController.m */; };
		CFE1AE8B1B419E15007ADDC7 /* DriverDashboardTableViewController.m in Sources */ = {isa = PBXBuildFile; fileRef = CFE1AE8A1B419E15007ADDC7 /* DriverDashboardTableViewController.m */; };
		CFE1AE8D1B41A2A4007ADDC7 /* MapKit.framework in Frameworks */ = {isa = PBXBuildFile; fileRef = CFE1AE8C1B41A2A4007ADDC7 /* MapKit.framework */; };
		CFE1AE8F1B41A2AC007ADDC7 /* CoreLocation.framework in Frameworks */ = {isa = PBXBuildFile; fileRef = CFE1AE8E1B41A2AC007ADDC7 /* CoreLocation.framework */; };
/* End PBXBuildFile section */

/* Begin PBXContainerItemProxy section */
		CFE1AE6C1B419B65007ADDC7 /* PBXContainerItemProxy */ = {
			isa = PBXContainerItemProxy;
			containerPortal = CFE1AE471B419B65007ADDC7 /* Project object */;
			proxyType = 1;
			remoteGlobalIDString = CFE1AE4E1B419B65007ADDC7;
			remoteInfo = Returnity;
		};
/* End PBXContainerItemProxy section */

/* Begin PBXFileReference section */
		CFE1AE4F1B419B65007ADDC7 /* Returnity.app */ = {isa = PBXFileReference; explicitFileType = wrapper.application; includeInIndex = 0; path = Returnity.app; sourceTree = BUILT_PRODUCTS_DIR; };
		CFE1AE531B419B65007ADDC7 /* Info.plist */ = {isa = PBXFileReference; lastKnownFileType = text.plist.xml; path = Info.plist; sourceTree = "<group>"; };
		CFE1AE541B419B65007ADDC7 /* main.m */ = {isa = PBXFileReference; lastKnownFileType = sourcecode.c.objc; path = main.m; sourceTree = "<group>"; };
		CFE1AE561B419B65007ADDC7 /* AppDelegate.h */ = {isa = PBXFileReference; lastKnownFileType = sourcecode.c.h; path = AppDelegate.h; sourceTree = "<group>"; };
		CFE1AE571B419B65007ADDC7 /* AppDelegate.m */ = {isa = PBXFileReference; lastKnownFileType = sourcecode.c.objc; path = AppDelegate.m; sourceTree = "<group>"; };
		CFE1AE601B419B65007ADDC7 /* Base */ = {isa = PBXFileReference; lastKnownFileType = file.storyboard; name = Base; path = Base.lproj/Main.storyboard; sourceTree = "<group>"; };
		CFE1AE621B419B65007ADDC7 /* Images.xcassets */ = {isa = PBXFileReference; lastKnownFileType = folder.assetcatalog; path = Images.xcassets; sourceTree = "<group>"; };
		CFE1AE651B419B65007ADDC7 /* Base */ = {isa = PBXFileReference; lastKnownFileType = file.xib; name = Base; path = Base.lproj/LaunchScreen.xib; sourceTree = "<group>"; };
		CFE1AE6B1B419B65007ADDC7 /* ReturnityTests.xctest */ = {isa = PBXFileReference; explicitFileType = wrapper.cfbundle; includeInIndex = 0; path = ReturnityTests.xctest; sourceTree = BUILT_PRODUCTS_DIR; };
		CFE1AE701B419B65007ADDC7 /* Info.plist */ = {isa = PBXFileReference; lastKnownFileType = text.plist.xml; path = Info.plist; sourceTree = "<group>"; };
		CFE1AE711B419B65007ADDC7 /* ReturnityTests.m */ = {isa = PBXFileReference; lastKnownFileType = sourcecode.c.objc; path = ReturnityTests.m; sourceTree = "<group>"; };
		CFE1AE831B419DBA007ADDC7 /* RequestReturnViewController.h */ = {isa = PBXFileReference; fileEncoding = 4; lastKnownFileType = sourcecode.c.h; name = RequestReturnViewController.h; path = ../RequestReturnViewController.h; sourceTree = "<group>"; };
		CFE1AE841B419DBA007ADDC7 /* RequestReturnViewController.m */ = {isa = PBXFileReference; fileEncoding = 4; lastKnownFileType = sourcecode.c.objc; name = RequestReturnViewController.m; path = ../RequestReturnViewController.m; sourceTree = "<group>"; };
		CFE1AE861B419DE6007ADDC7 /* RequestReturn2ViewController.h */ = {isa = PBXFileReference; fileEncoding = 4; lastKnownFileType = sourcecode.c.h; name = RequestReturn2ViewController.h; path = ../RequestReturn2ViewController.h; sourceTree = "<group>"; };
		CFE1AE871B419DE6007ADDC7 /* RequestReturn2ViewController.m */ = {isa = PBXFileReference; fileEncoding = 4; lastKnownFileType = sourcecode.c.objc; name = RequestReturn2ViewController.m; path = ../RequestReturn2ViewController.m; sourceTree = "<group>"; };
		CFE1AE891B419E15007ADDC7 /* DriverDashboardTableViewController.h */ = {isa = PBXFileReference; fileEncoding = 4; lastKnownFileType = sourcecode.c.h; name = DriverDashboardTableViewController.h; path = ../DriverDashboardTableViewController.h; sourceTree = "<group>"; };
		CFE1AE8A1B419E15007ADDC7 /* DriverDashboardTableViewController.m */ = {isa = PBXFileReference; fileEncoding = 4; lastKnownFileType = sourcecode.c.objc; name = DriverDashboardTableViewController.m; path = ../DriverDashboardTableViewController.m; sourceTree = "<group>"; };
		CFE1AE8C1B41A2A4007ADDC7 /* MapKit.framework */ = {isa = PBXFileReference; lastKnownFileType = wrapper.framework; name = MapKit.framework; path = System/Library/Frameworks/MapKit.framework; sourceTree = SDKROOT; };
		CFE1AE8E1B41A2AC007ADDC7 /* CoreLocation.framework */ = {isa = PBXFileReference; lastKnownFileType = wrapper.framework; name = CoreLocation.framework; path = System/Library/Frameworks/CoreLocation.framework; sourceTree = SDKROOT; };
/* End PBXFileReference section */

/* Begin PBXFrameworksBuildPhase section */
		CFE1AE4C1B419B65007ADDC7 /* Frameworks */ = {
			isa = PBXFrameworksBuildPhase;
			buildActionMask = 2147483647;
			files = (
				CFE1AE8F1B41A2AC007ADDC7 /* CoreLocation.framework in Frameworks */,
				CFE1AE8D1B41A2A4007ADDC7 /* MapKit.framework in Frameworks */,
			);
			runOnlyForDeploymentPostprocessing = 0;
		};
		CFE1AE681B419B65007ADDC7 /* Frameworks */ = {
			isa = PBXFrameworksBuildPhase;
			buildActionMask = 2147483647;
			files = (
			);
			runOnlyForDeploymentPostprocessing = 0;
		};
/* End PBXFrameworksBuildPhase section */

/* Begin PBXGroup section */
		CFE1AE461B419B65007ADDC7 = {
			isa = PBXGroup;
			children = (
				CFE1AE511B419B65007ADDC7 /* Returnity */,
				CFE1AE6E1B419B65007ADDC7 /* ReturnityTests */,
				CFE1AE501B419B65007ADDC7 /* Products */,
			);
			sourceTree = "<group>";
		};
		CFE1AE501B419B65007ADDC7 /* Products */ = {
			isa = PBXGroup;
			children = (
				CFE1AE4F1B419B65007ADDC7 /* Returnity.app */,
				CFE1AE6B1B419B65007ADDC7 /* ReturnityTests.xctest */,
			);
			name = Products;
			sourceTree = "<group>";
		};
		CFE1AE511B419B65007ADDC7 /* Returnity */ = {
			isa = PBXGroup;
			children = (
				CFE1AE561B419B65007ADDC7 /* AppDelegate.h */,
				CFE1AE571B419B65007ADDC7 /* AppDelegate.m */,
				CFE1AE831B419DBA007ADDC7 /* RequestReturnViewController.h */,
				CFE1AE841B419DBA007ADDC7 /* RequestReturnViewController.m */,
				CFE1AE861B419DE6007ADDC7 /* RequestReturn2ViewController.h */,
				CFE1AE871B419DE6007ADDC7 /* RequestReturn2ViewController.m */,
				CFE1AE891B419E15007ADDC7 /* DriverDashboardTableViewController.h */,
				CFE1AE8A1B419E15007ADDC7 /* DriverDashboardTableViewController.m */,
				CFE1AE5F1B419B65007ADDC7 /* Main.storyboard */,
				CFE1AE621B419B65007ADDC7 /* Images.xcassets */,
				CFE1AE641B419B65007ADDC7 /* LaunchScreen.xib */,
				CFE1AE521B419B65007ADDC7 /* Supporting Files */,
			);
			path = Returnity;
			sourceTree = "<group>";
		};
		CFE1AE521B419B65007ADDC7 /* Supporting Files */ = {
			isa = PBXGroup;
			children = (
				CFE1AE8E1B41A2AC007ADDC7 /* CoreLocation.framework */,
				CFE1AE8C1B41A2A4007ADDC7 /* MapKit.framework */,
				CFE1AE531B419B65007ADDC7 /* Info.plist */,
				CFE1AE541B419B65007ADDC7 /* main.m */,
			);
			name = "Supporting Files";
			sourceTree = "<group>";
		};
		CFE1AE6E1B419B65007ADDC7 /* ReturnityTests */ = {
			isa = PBXGroup;
			children = (
				CFE1AE711B419B65007ADDC7 /* ReturnityTests.m */,
				CFE1AE6F1B419B65007ADDC7 /* Supporting Files */,
			);
			path = ReturnityTests;
			sourceTree = "<group>";
		};
		CFE1AE6F1B419B65007ADDC7 /* Supporting Files */ = {
			isa = PBXGroup;
			children = (
				CFE1AE701B419B65007ADDC7 /* Info.plist */,
			);
			name = "Supporting Files";
			sourceTree = "<group>";
		};
/* End PBXGroup section */

/* Begin PBXNativeTarget section */
		CFE1AE4E1B419B65007ADDC7 /* Returnity */ = {
			isa = PBXNativeTarget;
			buildConfigurationList = CFE1AE751B419B65007ADDC7 /* Build configuration list for PBXNativeTarget "Returnity" */;
			buildPhases = (
				CFE1AE4B1B419B65007ADDC7 /* Sources */,
				CFE1AE4C1B419B65007ADDC7 /* Frameworks */,
				CFE1AE4D1B419B65007ADDC7 /* Resources */,
			);
			buildRules = (
			);
			dependencies = (
			);
			name = Returnity;
			productName = Returnity;
			productReference = CFE1AE4F1B419B65007ADDC7 /* Returnity.app */;
			productType = "com.apple.product-type.application";
		};
		CFE1AE6A1B419B65007ADDC7 /* ReturnityTests */ = {
			isa = PBXNativeTarget;
			buildConfigurationList = CFE1AE781B419B65007ADDC7 /* Build configuration list for PBXNativeTarget "ReturnityTests" */;
			buildPhases = (
				CFE1AE671B419B65007ADDC7 /* Sources */,
				CFE1AE681B419B65007ADDC7 /* Frameworks */,
				CFE1AE691B419B65007ADDC7 /* Resources */,
			);
			buildRules = (
			);
			dependencies = (
				CFE1AE6D1B419B65007ADDC7 /* PBXTargetDependency */,
			);
			name = ReturnityTests;
			productName = ReturnityTests;
			productReference = CFE1AE6B1B419B65007ADDC7 /* ReturnityTests.xctest */;
			productType = "com.apple.product-type.bundle.unit-test";
		};
/* End PBXNativeTarget section */

/* Begin PBXProject section */
		CFE1AE471B419B65007ADDC7 /* Project object */ = {
			isa = PBXProject;
			attributes = {
				LastUpgradeCheck = 0630;
				ORGANIZATIONNAME = Dalton;
				TargetAttributes = {
					CFE1AE4E1B419B65007ADDC7 = {
						CreatedOnToolsVersion = 6.3;
					};
					CFE1AE6A1B419B65007ADDC7 = {
						CreatedOnToolsVersion = 6.3;
						TestTargetID = CFE1AE4E1B419B65007ADDC7;
					};
				};
			};
			buildConfigurationList = CFE1AE4A1B419B65007ADDC7 /* Build configuration list for PBXProject "Returnity" */;
			compatibilityVersion = "Xcode 3.2";
			developmentRegion = English;
			hasScannedForEncodings = 0;
			knownRegions = (
				en,
				Base,
			);
			mainGroup = CFE1AE461B419B65007ADDC7;
			productRefGroup = CFE1AE501B419B65007ADDC7 /* Products */;
			projectDirPath = "";
			projectRoot = "";
			targets = (
				CFE1AE4E1B419B65007ADDC7 /* Returnity */,
				CFE1AE6A1B419B65007ADDC7 /* ReturnityTests */,
			);
		};
/* End PBXProject section */

/* Begin PBXResourcesBuildPhase section */
		CFE1AE4D1B419B65007ADDC7 /* Resources */ = {
			isa = PBXResourcesBuildPhase;
			buildActionMask = 2147483647;
			files = (
				CFE1AE611B419B65007ADDC7 /* Main.storyboard in Resources */,
				CFE1AE661B419B65007ADDC7 /* LaunchScreen.xib in Resources */,
				CFE1AE631B419B65007ADDC7 /* Images.xcassets in Resources */,
			);
			runOnlyForDeploymentPostprocessing = 0;
		};
		CFE1AE691B419B65007ADDC7 /* Resources */ = {
			isa = PBXResourcesBuildPhase;
			buildActionMask = 2147483647;
			files = (
			);
			runOnlyForDeploymentPostprocessing = 0;
		};
/* End PBXResourcesBuildPhase section */

/* Begin PBXSourcesBuildPhase section */
		CFE1AE4B1B419B65007ADDC7 /* Sources */ = {
			isa = PBXSourcesBuildPhase;
			buildActionMask = 2147483647;
			files = (
				CFE1AE581B419B65007ADDC7 /* AppDelegate.m in Sources */,
				CFE1AE551B419B65007ADDC7 /* main.m in Sources */,
				CFE1AE851B419DBA007ADDC7 /* RequestReturnViewController.m in Sources */,
				CFE1AE881B419DE6007ADDC7 /* RequestReturn2ViewController.m in Sources */,
				CFE1AE8B1B419E15007ADDC7 /* DriverDashboardTableViewController.m in Sources */,
			);
			runOnlyForDeploymentPostprocessing = 0;
		};
		CFE1AE671B419B65007ADDC7 /* Sources */ = {
			isa = PBXSourcesBuildPhase;
			buildActionMask = 2147483647;
			files = (
				CFE1AE721B419B65007ADDC7 /* ReturnityTests.m in Sources */,
			);
			runOnlyForDeploymentPostprocessing = 0;
		};
/* End PBXSourcesBuildPhase section */

/* Begin PBXTargetDependency section */
		CFE1AE6D1B419B65007ADDC7 /* PBXTargetDependency */ = {
			isa = PBXTargetDependency;
			target = CFE1AE4E1B419B65007ADDC7 /* Returnity */;
			targetProxy = CFE1AE6C1B419B65007ADDC7 /* PBXContainerItemProxy */;
		};
/* End PBXTargetDependency section */

/* Begin PBXVariantGroup section */
		CFE1AE5F1B419B65007ADDC7 /* Main.storyboard */ = {
			isa = PBXVariantGroup;
			children = (
				CFE1AE601B419B65007ADDC7 /* Base */,
			);
			name = Main.storyboard;
			sourceTree = "<group>";
		};
		CFE1AE641B419B65007ADDC7 /* LaunchScreen.xib */ = {
			isa = PBXVariantGroup;
			children = (
				CFE1AE651B419B65007ADDC7 /* Base */,
			);
			name = LaunchScreen.xib;
			sourceTree = "<group>";
		};
/* End PBXVariantGroup section */

/* Begin XCBuildConfiguration section */
		CFE1AE731B419B65007ADDC7 /* Debug */ = {
			isa = XCBuildConfiguration;
			buildSettings = {
				ALWAYS_SEARCH_USER_PATHS = NO;
				CLANG_CXX_LANGUAGE_STANDARD = "gnu++0x";
				CLANG_CXX_LIBRARY = "libc++";
				CLANG_ENABLE_MODULES = YES;
				CLANG_ENABLE_OBJC_ARC = YES;
				CLANG_WARN_BOOL_CONVERSION = YES;
				CLANG_WARN_CONSTANT_CONVERSION = YES;
				CLANG_WARN_DIRECT_OBJC_ISA_USAGE = YES_ERROR;
				CLANG_WARN_EMPTY_BODY = YES;
				CLANG_WARN_ENUM_CONVERSION = YES;
				CLANG_WARN_INT_CONVERSION = YES;
				CLANG_WARN_OBJC_ROOT_CLASS = YES_ERROR;
				CLANG_WARN_UNREACHABLE_CODE = YES;
				CLANG_WARN__DUPLICATE_METHOD_MATCH = YES;
				"CODE_SIGN_IDENTITY[sdk=iphoneos*]" = "iPhone Developer";
				COPY_PHASE_STRIP = NO;
				DEBUG_INFORMATION_FORMAT = "dwarf-with-dsym";
				ENABLE_STRICT_OBJC_MSGSEND = YES;
				GCC_C_LANGUAGE_STANDARD = gnu99;
				GCC_DYNAMIC_NO_PIC = NO;
				GCC_NO_COMMON_BLOCKS = YES;
				GCC_OPTIMIZATION_LEVEL = 0;
				GCC_PREPROCESSOR_DEFINITIONS = (
					"DEBUG=1",
					"$(inherited)",
				);
				GCC_SYMBOLS_PRIVATE_EXTERN = NO;
				GCC_WARN_64_TO_32_BIT_CONVERSION = YES;
				GCC_WARN_ABOUT_RETURN_TYPE = YES_ERROR;
				GCC_WARN_UNDECLARED_SELECTOR = YES;
				GCC_WARN_UNINITIALIZED_AUTOS = YES_AGGRESSIVE;
				GCC_WARN_UNUSED_FUNCTION = YES;
				GCC_WARN_UNUSED_VARIABLE = YES;
				IPHONEOS_DEPLOYMENT_TARGET = 8.3;
				MTL_ENABLE_DEBUG_INFO = YES;
				ONLY_ACTIVE_ARCH = YES;
				SDKROOT = iphoneos;
			};
			name = Debug;
		};
		CFE1AE741B419B65007ADDC7 /* Release */ = {
			isa = XCBuildConfiguration;
			buildSettings = {
				ALWAYS_SEARCH_USER_PATHS = NO;
				CLANG_CXX_LANGUAGE_STANDARD = "gnu++0x";
				CLANG_CXX_LIBRARY = "libc++";
				CLANG_ENABLE_MODULES = YES;
				CLANG_ENABLE_OBJC_ARC = YES;
				CLANG_WARN_BOOL_CONVERSION = YES;
				CLANG_WARN_CONSTANT_CONVERSION = YES;
				CLANG_WARN_DIRECT_OBJC_ISA_USAGE = YES_ERROR;
				CLANG_WARN_EMPTY_BODY = YES;
				CLANG_WARN_ENUM_CONVERSION = YES;
				CLANG_WARN_INT_CONVERSION = YES;
				CLANG_WARN_OBJC_ROOT_CLASS = YES_ERROR;
				CLANG_WARN_UNREACHABLE_CODE = YES;
				CLANG_WARN__DUPLICATE_METHOD_MATCH = YES;
				"CODE_SIGN_IDENTITY[sdk=iphoneos*]" = "iPhone Developer";
				COPY_PHASE_STRIP = NO;
				DEBUG_INFORMATION_FORMAT = "dwarf-with-dsym";
				ENABLE_NS_ASSERTIONS = NO;
				ENABLE_STRICT_OBJC_MSGSEND = YES;
				GCC_C_LANGUAGE_STANDARD = gnu99;
				GCC_NO_COMMON_BLOCKS = YES;
				GCC_WARN_64_TO_32_BIT_CONVERSION = YES;
				GCC_WARN_ABOUT_RETURN_TYPE = YES_ERROR;
				GCC_WARN_UNDECLARED_SELECTOR = YES;
				GCC_WARN_UNINITIALIZED_AUTOS = YES_AGGRESSIVE;
				GCC_WARN_UNUSED_FUNCTION = YES;
				GCC_WARN_UNUSED_VARIABLE = YES;
				IPHONEOS_DEPLOYMENT_TARGET = 8.3;
				MTL_ENABLE_DEBUG_INFO = NO;
				SDKROOT = iphoneos;
				VALIDATE_PRODUCT = YES;
			};
			name = Release;
		};
		CFE1AE761B419B65007ADDC7 /* Debug */ = {
			isa = XCBuildConfiguration;
			buildSettings = {
				ASSETCATALOG_COMPILER_APPICON_NAME = AppIcon;
				INFOPLIST_FILE = Returnity/Info.plist;
				LD_RUNPATH_SEARCH_PATHS = "$(inherited) @executable_path/Frameworks";
				PRODUCT_NAME = "$(TARGET_NAME)";
			};
			name = Debug;
		};
		CFE1AE771B419B65007ADDC7 /* Release */ = {
			isa = XCBuildConfiguration;
			buildSettings = {
				ASSETCATALOG_COMPILER_APPICON_NAME = AppIcon;
				INFOPLIST_FILE = Returnity/Info.plist;
				LD_RUNPATH_SEARCH_PATHS = "$(inherited) @executable_path/Frameworks";
				PRODUCT_NAME = "$(TARGET_NAME)";
			};
			name = Release;
		};
		CFE1AE791B419B65007ADDC7 /* Debug */ = {
			isa = XCBuildConfiguration;
			buildSettings = {
				BUNDLE_LOADER = "$(TEST_HOST)";
				FRAMEWORK_SEARCH_PATHS = (
					"$(SDKROOT)/Developer/Library/Frameworks",
					"$(inherited)",
				);
				GCC_PREPROCESSOR_DEFINITIONS = (
					"DEBUG=1",
					"$(inherited)",
				);
				INFOPLIST_FILE = ReturnityTests/Info.plist;
				LD_RUNPATH_SEARCH_PATHS = "$(inherited) @executable_path/Frameworks @loader_path/Frameworks";
				PRODUCT_NAME = "$(TARGET_NAME)";
				TEST_HOST = "$(BUILT_PRODUCTS_DIR)/Returnity.app/Returnity";
			};
			name = Debug;
		};
		CFE1AE7A1B419B65007ADDC7 /* Release */ = {
			isa = XCBuildConfiguration;
			buildSettings = {
				BUNDLE_LOADER = "$(TEST_HOST)";
				FRAMEWORK_SEARCH_PATHS = (
					"$(SDKROOT)/Developer/Library/Frameworks",
					"$(inherited)",
				);
				INFOPLIST_FILE = ReturnityTests/Info.plist;
				LD_RUNPATH_SEARCH_PATHS = "$(inherited) @executable_path/Frameworks @loader_path/Frameworks";
				PRODUCT_NAME = "$(TARGET_NAME)";
				TEST_HOST = "$(BUILT_PRODUCTS_DIR)/Returnity.app/Returnity";
			};
			name = Release;
		};
/* End XCBuildConfiguration section */

/* Begin XCConfigurationList section */
		CFE1AE4A1B419B65007ADDC7 /* Build configuration list for PBXProject "Returnity" */ = {
			isa = XCConfigurationList;
			buildConfigurations = (
				CFE1AE731B419B65007ADDC7 /* Debug */,
				CFE1AE741B419B65007ADDC7 /* Release */,
			);
			defaultConfigurationIsVisible = 0;
			defaultConfigurationName = Release;
		};
		CFE1AE751B419B65007ADDC7 /* Build configuration list for PBXNativeTarget "Returnity" */ = {
			isa = XCConfigurationList;
			buildConfigurations = (
				CFE1AE761B419B65007ADDC7 /* Debug */,
				CFE1AE771B419B65007ADDC7 /* Release */,
			);
			defaultConfigurationIsVisible = 0;
		};
		CFE1AE781B419B65007ADDC7 /* Build configuration list for PBXNativeTarget "ReturnityTests" */ = {
			isa = XCConfigurationList;
			buildConfigurations = (
				CFE1AE791B419B65007ADDC7 /* Debug */,
				CFE1AE7A1B419B65007ADDC7 /* Release */,
			);
			defaultConfigurationIsVisible = 0;
		};
/* End XCConfigurationList section */
	};
	rootObject = CFE1AE471B419B65007ADDC7 /* Project object */;
}
